
Microsoft Visual Studio Solution File, Format Version 12.00
# Visual Studio Version 17
VisualStudioVersion = 17.5.002.0
MinimumVisualStudioVersion = 10.0.40219.1
Project("{2150E333-8FDC-42A3-9474-1A3956D46DE8}") = "Seção 2 (First Steps)", "Seção 2 (First Steps)", "{BD69CB44-263A-4DC4-A44B-093452C9554E}"
EndProject
Project("{9A19103F-16F7-4668-BE54-9A1E7A4F7556}") = "ex1", "Seção 2 (First Steps)\ex1\ex1.csproj", "{AFC791C2-C9FF-43AC-8920-A9EBDC2E0B10}"
EndProject
Global
	GlobalSection(SolutionConfigurationPlatforms) = preSolution
		Debug|Any CPU = Debug|Any CPU
		Release|Any CPU = Release|Any CPU
	EndGlobalSection
	GlobalSection(ProjectConfigurationPlatforms) = postSolution
		{AFC791C2-C9FF-43AC-8920-A9EBDC2E0B10}.Debug|Any CPU.ActiveCfg = Debug|Any CPU
		{AFC791C2-C9FF-43AC-8920-A9EBDC2E0B10}.Debug|Any CPU.Build.0 = Debug|Any CPU
		{AFC791C2-C9FF-43AC-8920-A9EBDC2E0B10}.Release|Any CPU.ActiveCfg = Release|Any CPU
		{AFC791C2-C9FF-43AC-8920-A9EBDC2E0B10}.Release|Any CPU.Build.0 = Release|Any CPU
	EndGlobalSection
	GlobalSection(SolutionProperties) = preSolution
		HideSolutionNode = FALSE
	EndGlobalSection
	GlobalSection(NestedProjects) = preSolution
		{AFC791C2-C9FF-43AC-8920-A9EBDC2E0B10} = {BD69CB44-263A-4DC4-A44B-093452C9554E}
	EndGlobalSection
	GlobalSection(ExtensibilityGlobals) = postSolution
		SolutionGuid = {3299F8F6-599D-4C52-97FE-176AE3FCF69B}
	EndGlobalSection
EndGlobal
