
Microsoft Visual Studio Solution File, Format Version 12.00
# Visual Studio Version 17
VisualStudioVersion = 17.5.002.0
MinimumVisualStudioVersion = 10.0.40219.1
Project("{9A19103F-16F7-4668-BE54-9A1E7A4F7556}") = "ex3", "ex3.csproj", "{3CB12069-EB2E-4CAD-B530-13F4E0E4A8B6}"
EndProject
Global
	GlobalSection(SolutionConfigurationPlatforms) = preSolution
		Debug|Any CPU = Debug|Any CPU
		Release|Any CPU = Release|Any CPU
	EndGlobalSection
	GlobalSection(ProjectConfigurationPlatforms) = postSolution
		{3CB12069-EB2E-4CAD-B530-13F4E0E4A8B6}.Debug|Any CPU.ActiveCfg = Debug|Any CPU
		{3CB12069-EB2E-4CAD-B530-13F4E0E4A8B6}.Debug|Any CPU.Build.0 = Debug|Any CPU
		{3CB12069-EB2E-4CAD-B530-13F4E0E4A8B6}.Release|Any CPU.ActiveCfg = Release|Any CPU
		{3CB12069-EB2E-4CAD-B530-13F4E0E4A8B6}.Release|Any CPU.Build.0 = Release|Any CPU
	EndGlobalSection
	GlobalSection(SolutionProperties) = preSolution
		HideSolutionNode = FALSE
	EndGlobalSection
	GlobalSection(ExtensibilityGlobals) = postSolution
		SolutionGuid = {8F7B2CF4-2B5D-4517-BA47-E3BFCD5D5FC4}
	EndGlobalSection
EndGlobal
