
Microsoft Visual Studio Solution File, Format Version 12.00
# Visual Studio Version 17
VisualStudioVersion = 17.5.002.0
MinimumVisualStudioVersion = 10.0.40219.1
Project("{9A19103F-16F7-4668-BE54-9A1E7A4F7556}") = "ex3", "ex3.csproj", "{291723A2-DD9E-4CEB-9C00-8DA66099B817}"
EndProject
Global
	GlobalSection(SolutionConfigurationPlatforms) = preSolution
		Debug|Any CPU = Debug|Any CPU
		Release|Any CPU = Release|Any CPU
	EndGlobalSection
	GlobalSection(ProjectConfigurationPlatforms) = postSolution
		{291723A2-DD9E-4CEB-9C00-8DA66099B817}.Debug|Any CPU.ActiveCfg = Debug|Any CPU
		{291723A2-DD9E-4CEB-9C00-8DA66099B817}.Debug|Any CPU.Build.0 = Debug|Any CPU
		{291723A2-DD9E-4CEB-9C00-8DA66099B817}.Release|Any CPU.ActiveCfg = Release|Any CPU
		{291723A2-DD9E-4CEB-9C00-8DA66099B817}.Release|Any CPU.Build.0 = Release|Any CPU
	EndGlobalSection
	GlobalSection(SolutionProperties) = preSolution
		HideSolutionNode = FALSE
	EndGlobalSection
	GlobalSection(ExtensibilityGlobals) = postSolution
		SolutionGuid = {9650B3D7-CCB0-471C-A451-33AD406F9EEF}
	EndGlobalSection
EndGlobal
